
Microsoft Visual Studio Solution File, Format Version 12.00
# Visual Studio Version 17
VisualStudioVersion = 17.3.32929.385
MinimumVisualStudioVersion = 10.0.40219.1
Project("{9A19103F-16F7-4668-BE54-9A1E7A4F7556}") = "API", "API\API.csproj", "{D8CD9C5E-D88C-405D-A30D-C5E997D6828A}"
EndProject
Project("{9A19103F-16F7-4668-BE54-9A1E7A4F7556}") = "WEB", "WEB\WEB.csproj", "{63E7D595-8277-42F9-991C-45B52E64D010}"
EndProject
Project("{9A19103F-16F7-4668-BE54-9A1E7A4F7556}") = "Core", "Core\Core.csproj", "{65F15631-6815-472B-BCF2-C332B27D2756}"
EndProject
Project("{9A19103F-16F7-4668-BE54-9A1E7A4F7556}") = "Data", "Data\Data.csproj", "{73CA5DF5-A63E-418E-BFCB-C21026D1E8FC}"
EndProject
Project("{9A19103F-16F7-4668-BE54-9A1E7A4F7556}") = "Service", "Service\Service.csproj", "{EDD345EF-4072-41A2-B04E-D04F3451F78F}"
EndProject
Project("{FAE04EC0-301F-11D3-BF4B-00C04F79EFBC}") = "Dto", "Dto\Dto.csproj", "{CC7FEAAC-F688-44FF-A6D4-04EDCF499D00}"
EndProject
Global
	GlobalSection(SolutionConfigurationPlatforms) = preSolution
		Debug|Any CPU = Debug|Any CPU
		Release|Any CPU = Release|Any CPU
	EndGlobalSection
	GlobalSection(ProjectConfigurationPlatforms) = postSolution
		{D8CD9C5E-D88C-405D-A30D-C5E997D6828A}.Debug|Any CPU.ActiveCfg = Debug|Any CPU
		{D8CD9C5E-D88C-405D-A30D-C5E997D6828A}.Debug|Any CPU.Build.0 = Debug|Any CPU
		{D8CD9C5E-D88C-405D-A30D-C5E997D6828A}.Release|Any CPU.ActiveCfg = Release|Any CPU
		{D8CD9C5E-D88C-405D-A30D-C5E997D6828A}.Release|Any CPU.Build.0 = Release|Any CPU
		{63E7D595-8277-42F9-991C-45B52E64D010}.Debug|Any CPU.ActiveCfg = Debug|Any CPU
		{63E7D595-8277-42F9-991C-45B52E64D010}.Debug|Any CPU.Build.0 = Debug|Any CPU
		{63E7D595-8277-42F9-991C-45B52E64D010}.Release|Any CPU.ActiveCfg = Release|Any CPU
		{63E7D595-8277-42F9-991C-45B52E64D010}.Release|Any CPU.Build.0 = Release|Any CPU
		{65F15631-6815-472B-BCF2-C332B27D2756}.Debug|Any CPU.ActiveCfg = Debug|Any CPU
		{65F15631-6815-472B-BCF2-C332B27D2756}.Debug|Any CPU.Build.0 = Debug|Any CPU
		{65F15631-6815-472B-BCF2-C332B27D2756}.Release|Any CPU.ActiveCfg = Release|Any CPU
		{65F15631-6815-472B-BCF2-C332B27D2756}.Release|Any CPU.Build.0 = Release|Any CPU
		{73CA5DF5-A63E-418E-BFCB-C21026D1E8FC}.Debug|Any CPU.ActiveCfg = Debug|Any CPU
		{73CA5DF5-A63E-418E-BFCB-C21026D1E8FC}.Debug|Any CPU.Build.0 = Debug|Any CPU
		{73CA5DF5-A63E-418E-BFCB-C21026D1E8FC}.Release|Any CPU.ActiveCfg = Release|Any CPU
		{73CA5DF5-A63E-418E-BFCB-C21026D1E8FC}.Release|Any CPU.Build.0 = Release|Any CPU
		{EDD345EF-4072-41A2-B04E-D04F3451F78F}.Debug|Any CPU.ActiveCfg = Debug|Any CPU
		{EDD345EF-4072-41A2-B04E-D04F3451F78F}.Debug|Any CPU.Build.0 = Debug|Any CPU
		{EDD345EF-4072-41A2-B04E-D04F3451F78F}.Release|Any CPU.ActiveCfg = Release|Any CPU
		{EDD345EF-4072-41A2-B04E-D04F3451F78F}.Release|Any CPU.Build.0 = Release|Any CPU
		{CC7FEAAC-F688-44FF-A6D4-04EDCF499D00}.Debug|Any CPU.ActiveCfg = Debug|Any CPU
		{CC7FEAAC-F688-44FF-A6D4-04EDCF499D00}.Debug|Any CPU.Build.0 = Debug|Any CPU
		{CC7FEAAC-F688-44FF-A6D4-04EDCF499D00}.Release|Any CPU.ActiveCfg = Release|Any CPU
		{CC7FEAAC-F688-44FF-A6D4-04EDCF499D00}.Release|Any CPU.Build.0 = Release|Any CPU
	EndGlobalSection
	GlobalSection(SolutionProperties) = preSolution
		HideSolutionNode = FALSE
	EndGlobalSection
	GlobalSection(ExtensibilityGlobals) = postSolution
		SolutionGuid = {AD30A195-70B1-4D4D-A0F3-060B652C0311}
	EndGlobalSection
EndGlobal
